
Microsoft Visual Studio Solution File, Format Version 12.00
# Visual Studio Version 17
VisualStudioVersion = 17.7.34024.191
MinimumVisualStudioVersion = 10.0.40219.1
Project("{9A19103F-16F7-4668-BE54-9A1E7A4F7556}") = "UML1", "UML1\UML1.csproj", "{45C720EC-8C4E-432D-96DD-CF2AFB6746CE}"
EndProject
Project("{FAE04EC0-301F-11D3-BF4B-00C04F79EFBC}") = "Test uml", "Test uml\Test uml.csproj", "{5CD81D2B-D42F-4169-B3E4-AD999F691005}"
EndProject
Global
	GlobalSection(SolutionConfigurationPlatforms) = preSolution
		Debug|Any CPU = Debug|Any CPU
		Release|Any CPU = Release|Any CPU
	EndGlobalSection
	GlobalSection(ProjectConfigurationPlatforms) = postSolution
		{45C720EC-8C4E-432D-96DD-CF2AFB6746CE}.Debug|Any CPU.ActiveCfg = Debug|Any CPU
		{45C720EC-8C4E-432D-96DD-CF2AFB6746CE}.Debug|Any CPU.Build.0 = Debug|Any CPU
		{45C720EC-8C4E-432D-96DD-CF2AFB6746CE}.Release|Any CPU.ActiveCfg = Release|Any CPU
		{45C720EC-8C4E-432D-96DD-CF2AFB6746CE}.Release|Any CPU.Build.0 = Release|Any CPU
		{5CD81D2B-D42F-4169-B3E4-AD999F691005}.Debug|Any CPU.ActiveCfg = Debug|Any CPU
		{5CD81D2B-D42F-4169-B3E4-AD999F691005}.Debug|Any CPU.Build.0 = Debug|Any CPU
		{5CD81D2B-D42F-4169-B3E4-AD999F691005}.Release|Any CPU.ActiveCfg = Release|Any CPU
		{5CD81D2B-D42F-4169-B3E4-AD999F691005}.Release|Any CPU.Build.0 = Release|Any CPU
	EndGlobalSection
	GlobalSection(SolutionProperties) = preSolution
		HideSolutionNode = FALSE
	EndGlobalSection
	GlobalSection(ExtensibilityGlobals) = postSolution
		SolutionGuid = {733FC3FA-3BEC-48C8-877A-2ADD91A4668A}
	EndGlobalSection
EndGlobal
